# GENERATED FILE - DO NOT EDIT DIRECTLY
schema_version: 1

bundle:
  version: "0.1.0-dev"
  release_sequence: 0
  channel: "development"
  source_commit: "1e02cf65d60fb7d6c8f0a066ab9b93c18246bd32"
  digest: "sha256:444880765d710e66f3c3117e15cf35c1e23328a946fcd5035d960d42bafc040b"

projection:
  input_digest: "sha256:0805d27be91eebedff82c3d4e9f32ac71ee8093a741806f00fb559f92293e323"
  output_digest: "sha256:fb2ee538d3cf293a2155b237b0a777de79dec4fdf1667aba1b1121a79ae09ee9"
  files:
    - path: ".claude/CLAUDE.md"
      digest: "sha256:7b50d15feae7b63b94d845b2fa6e19e3220527c5b0cac69303b7fc19bd7484a8"
    - path: ".gds/compiled-policy.json"
      digest: "sha256:6ff9c8cad6106b0e315b4ff90942aa73167b2d586d16b1a3c4e95060a05b8e50"
    - path: "AGENTS.md"
      digest: "sha256:37a41633f771e7a95804071538e67836c47c36a142237a2fb8097297b34113d8"
